// !$*UTF8*$!
{
	archiveVersion = 1;
	classes = {
	};
	objectVersion = 50;
	objects = {

/* Begin PBXBuildFile section */
		855A81422149E03F00DD0BAF /* Joke.swift in Sources */ = {isa = PBXBuildFile; fileRef = 855A81412149E03F00DD0BAF /* Joke.swift */; };
		8561B73821474299008489AE /* AppDelegate.swift in Sources */ = {isa = PBXBuildFile; fileRef = 8561B73721474299008489AE /* AppDelegate.swift */; };
		8561B73D21474299008489AE /* Main.storyboard in Resources */ = {isa = PBXBuildFile; fileRef = 8561B73B21474299008489AE /* Main.storyboard */; };
		8561B73F2147429C008489AE /* Assets.xcassets in Resources */ = {isa = PBXBuildFile; fileRef = 8561B73E2147429C008489AE /* Assets.xcassets */; };
		8561B7422147429C008489AE /* LaunchScreen.storyboard in Resources */ = {isa = PBXBuildFile; fileRef = 8561B7402147429C008489AE /* LaunchScreen.storyboard */; };
		8561B74A2147B618008489AE /* JokeTableViewController.swift in Sources */ = {isa = PBXBuildFile; fileRef = 8561B7492147B618008489AE /* JokeTableViewController.swift */; };
		8561B74C2147C6C8008489AE /* JokeDefinitionViewController.swift in Sources */ = {isa = PBXBuildFile; fileRef = 8561B74B2147C6C8008489AE /* JokeDefinitionViewController.swift */; };
/* End PBXBuildFile section */

/* Begin PBXFileReference section */
		855A81412149E03F00DD0BAF /* Joke.swift */ = {isa = PBXFileReference; lastKnownFileType = sourcecode.swift; path = Joke.swift; sourceTree = "<group>"; };
		8561B73421474299008489AE /* Joke Bank.app */ = {isa = PBXFileReference; explicitFileType = wrapper.application; includeInIndex = 0; path = "Joke Bank.app"; sourceTree = BUILT_PRODUCTS_DIR; };
		8561B73721474299008489AE /* AppDelegate.swift */ = {isa = PBXFileReference; lastKnownFileType = sourcecode.swift; path = AppDelegate.swift; sourceTree = "<group>"; };
		8561B73C21474299008489AE /* Base */ = {isa = PBXFileReference; lastKnownFileType = file.storyboard; name = Base; path = Base.lproj/Main.storyboard; sourceTree = "<group>"; };
		8561B73E2147429C008489AE /* Assets.xcassets */ = {isa = PBXFileReference; lastKnownFileType = folder.assetcatalog; path = Assets.xcassets; sourceTree = "<group>"; };
		8561B7412147429C008489AE /* Base */ = {isa = PBXFileReference; lastKnownFileType = file.storyboard; name = Base; path = Base.lproj/LaunchScreen.storyboard; sourceTree = "<group>"; };
		8561B7432147429C008489AE /* Info.plist */ = {isa = PBXFileReference; lastKnownFileType = text.plist.xml; path = Info.plist; sourceTree = "<group>"; };
		8561B7492147B618008489AE /* JokeTableViewController.swift */ = {isa = PBXFileReference; lastKnownFileType = sourcecode.swift; path = JokeTableViewController.swift; sourceTree = "<group>"; };
		8561B74B2147C6C8008489AE /* JokeDefinitionViewController.swift */ = {isa = PBXFileReference; lastKnownFileType = sourcecode.swift; path = JokeDefinitionViewController.swift; sourceTree = "<group>"; };
/* End PBXFileReference section */

/* Begin PBXFrameworksBuildPhase section */
		8561B73121474299008489AE /* Frameworks */ = {
			isa = PBXFrameworksBuildPhase;
			buildActionMask = 2147483647;
			files = (
			);
			runOnlyForDeploymentPostprocessing = 0;
		};
/* End PBXFrameworksBuildPhase section */

/* Begin PBXGroup section */
		8561B72B21474299008489AE = {
			isa = PBXGroup;
			children = (
				8561B73621474299008489AE /* Joke Bank */,
				8561B73521474299008489AE /* Products */,
			);
			sourceTree = "<group>";
		};
		8561B73521474299008489AE /* Products */ = {
			isa = PBXGroup;
			children = (
				8561B73421474299008489AE /* Joke Bank.app */,
			);
			name = Products;
			sourceTree = "<group>";
		};
		8561B73621474299008489AE /* Joke Bank */ = {
			isa = PBXGroup;
			children = (
				8561B73721474299008489AE /* AppDelegate.swift */,
				8561B7492147B618008489AE /* JokeTableViewController.swift */,
				8561B74B2147C6C8008489AE /* JokeDefinitionViewController.swift */,
				8561B73B21474299008489AE /* Main.storyboard */,
				8561B73E2147429C008489AE /* Assets.xcassets */,
				8561B7402147429C008489AE /* LaunchScreen.storyboard */,
				8561B7432147429C008489AE /* Info.plist */,
				855A81412149E03F00DD0BAF /* Joke.swift */,
			);
			path = "Joke Bank";
			sourceTree = "<group>";
		};
/* End PBXGroup section */

/* Begin PBXNativeTarget section */
		8561B73321474299008489AE /* Joke Bank */ = {
			isa = PBXNativeTarget;
			buildConfigurationList = 8561B7462147429C008489AE /* Build configuration list for PBXNativeTarget "Joke Bank" */;
			buildPhases = (
				8561B73021474299008489AE /* Sources */,
				8561B73121474299008489AE /* Frameworks */,
				8561B73221474299008489AE /* Resources */,
			);
			buildRules = (
			);
			dependencies = (
			);
			name = "Joke Bank";
			productName = "Joke Bank";
			productReference = 8561B73421474299008489AE /* Joke Bank.app */;
			productType = "com.apple.product-type.application";
		};
/* End PBXNativeTarget section */

/* Begin PBXProject section */
		8561B72C21474299008489AE /* Project object */ = {
			isa = PBXProject;
			attributes = {
				LastSwiftUpdateCheck = 1000;
				LastUpgradeCheck = 1000;
				ORGANIZATIONNAME = "Tabitha Levine";
				TargetAttributes = {
					8561B73321474299008489AE = {
						CreatedOnToolsVersion = 10.0;
					};
				};
			};
			buildConfigurationList = 8561B72F21474299008489AE /* Build configuration list for PBXProject "Joke Bank" */;
			compatibilityVersion = "Xcode 9.3";
			developmentRegion = en;
			hasScannedForEncodings = 0;
			knownRegions = (
				en,
				Base,
			);
			mainGroup = 8561B72B21474299008489AE;
			productRefGroup = 8561B73521474299008489AE /* Products */;
			projectDirPath = "";
			projectRoot = "";
			targets = (
				8561B73321474299008489AE /* Joke Bank */,
			);
		};
/* End PBXProject section */

/* Begin PBXResourcesBuildPhase section */
		8561B73221474299008489AE /* Resources */ = {
			isa = PBXResourcesBuildPhase;
			buildActionMask = 2147483647;
			files = (
				8561B7422147429C008489AE /* LaunchScreen.storyboard in Resources */,
				8561B73F2147429C008489AE /* Assets.xcassets in Resources */,
				8561B73D21474299008489AE /* Main.storyboard in Resources */,
			);
			runOnlyForDeploymentPostprocessing = 0;
		};
/* End PBXResourcesBuildPhase section */

/* Begin PBXSourcesBuildPhase section */
		8561B73021474299008489AE /* Sources */ = {
			isa = PBXSourcesBuildPhase;
			buildActionMask = 2147483647;
			files = (
				8561B74C2147C6C8008489AE /* JokeDefinitionViewController.swift in Sources */,
				8561B74A2147B618008489AE /* JokeTableViewController.swift in Sources */,
				855A81422149E03F00DD0BAF /* Joke.swift in Sources */,
				8561B73821474299008489AE /* AppDelegate.swift in Sources */,
			);
			runOnlyForDeploymentPostprocessing = 0;
		};
/* End PBXSourcesBuildPhase section */

/* Begin PBXVariantGroup section */
		8561B73B21474299008489AE /* Main.storyboard */ = {
			isa = PBXVariantGroup;
			children = (
				8561B73C21474299008489AE /* Base */,
			);
			name = Main.storyboard;
			sourceTree = "<group>";
		};
		8561B7402147429C008489AE /* LaunchScreen.storyboard */ = {
			isa = PBXVariantGroup;
			children = (
				8561B7412147429C008489AE /* Base */,
			);
			name = LaunchScreen.storyboard;
			sourceTree = "<group>";
		};
/* End PBXVariantGroup section */

/* Begin XCBuildConfiguration section */
		8561B7442147429C008489AE /* Debug */ = {
			isa = XCBuildConfiguration;
			buildSettings = {
				ALWAYS_SEARCH_USER_PATHS = NO;
				CLANG_ANALYZER_NONNULL = YES;
				CLANG_ANALYZER_NUMBER_OBJECT_CONVERSION = YES_AGGRESSIVE;
				CLANG_CXX_LANGUAGE_STANDARD = "gnu++14";
				CLANG_CXX_LIBRARY = "libc++";
				CLANG_ENABLE_MODULES = YES;
				CLANG_ENABLE_OBJC_ARC = YES;
				CLANG_ENABLE_OBJC_WEAK = YES;
				CLANG_WARN_BLOCK_CAPTURE_AUTORELEASING = YES;
				CLANG_WARN_BOOL_CONVERSION = YES;
				CLANG_WARN_COMMA = YES;
				CLANG_WARN_CONSTANT_CONVERSION = YES;
				CLANG_WARN_DEPRECATED_OBJC_IMPLEMENTATIONS = YES;
				CLANG_WARN_DIRECT_OBJC_ISA_USAGE = YES_ERROR;
				CLANG_WARN_DOCUMENTATION_COMMENTS = YES;
				CLANG_WARN_EMPTY_BODY = YES;
				CLANG_WARN_ENUM_CONVERSION = YES;
				CLANG_WARN_INFINITE_RECURSION = YES;
				CLANG_WARN_INT_CONVERSION = YES;
				CLANG_WARN_NON_LITERAL_NULL_CONVERSION = YES;
				CLANG_WARN_OBJC_IMPLICIT_RETAIN_SELF = YES;
				CLANG_WARN_OBJC_LITERAL_CONVERSION = YES;
				CLANG_WARN_OBJC_ROOT_CLASS = YES_ERROR;
				CLANG_WARN_RANGE_LOOP_ANALYSIS = YES;
				CLANG_WARN_STRICT_PROTOTYPES = YES;
				CLANG_WARN_SUSPICIOUS_MOVE = YES;
				CLANG_WARN_UNGUARDED_AVAILABILITY = YES_AGGRESSIVE;
				CLANG_WARN_UNREACHABLE_CODE = YES;
				CLANG_WARN__DUPLICATE_METHOD_MATCH = YES;
				CODE_SIGN_IDENTITY = "iPhone Developer";
				COPY_PHASE_STRIP = NO;
				DEBUG_INFORMATION_FORMAT = dwarf;
				ENABLE_STRICT_OBJC_MSGSEND = YES;
				ENABLE_TESTABILITY = YES;
				GCC_C_LANGUAGE_STANDARD = gnu11;
				GCC_DYNAMIC_NO_PIC = NO;
				GCC_NO_COMMON_BLOCKS = YES;
				GCC_OPTIMIZATION_LEVEL = 0;
				GCC_PREPROCESSOR_DEFINITIONS = (
					"DEBUG=1",
					"$(inherited)",
				);
				GCC_WARN_64_TO_32_BIT_CONVERSION = YES;
				GCC_WARN_ABOUT_RETURN_TYPE = YES_ERROR;
				GCC_WARN_UNDECLARED_SELECTOR = YES;
				GCC_WARN_UNINITIALIZED_AUTOS = YES_AGGRESSIVE;
				GCC_WARN_UNUSED_FUNCTION = YES;
				GCC_WARN_UNUSED_VARIABLE = YES;
				IPHONEOS_DEPLOYMENT_TARGET = 12.0;
				MTL_ENABLE_DEBUG_INFO = INCLUDE_SOURCE;
				MTL_FAST_MATH = YES;
				ONLY_ACTIVE_ARCH = YES;
				SDKROOT = iphoneos;
				SWIFT_ACTIVE_COMPILATION_CONDITIONS = DEBUG;
				SWIFT_OPTIMIZATION_LEVEL = "-Onone";
			};
			name = Debug;
		};
		8561B7452147429C008489AE /* Release */ = {
			isa = XCBuildConfiguration;
			buildSettings = {
				ALWAYS_SEARCH_USER_PATHS = NO;
				CLANG_ANALYZER_NONNULL = YES;
				CLANG_ANALYZER_NUMBER_OBJECT_CONVERSION = YES_AGGRESSIVE;
				CLANG_CXX_LANGUAGE_STANDARD = "gnu++14";
				CLANG_CXX_LIBRARY = "libc++";
				CLANG_ENABLE_MODULES = YES;
				CLANG_ENABLE_OBJC_ARC = YES;
				CLANG_ENABLE_OBJC_WEAK = YES;
				CLANG_WARN_BLOCK_CAPTURE_AUTORELEASING = YES;
				CLANG_WARN_BOOL_CONVERSION = YES;
				CLANG_WARN_COMMA = YES;
				CLANG_WARN_CONSTANT_CONVERSION = YES;
				CLANG_WARN_DEPRECATED_OBJC_IMPLEMENTATIONS = YES;
				CLANG_WARN_DIRECT_OBJC_ISA_USAGE = YES_ERROR;
				CLANG_WARN_DOCUMENTATION_COMMENTS = YES;
				CLANG_WARN_EMPTY_BODY = YES;
				CLANG_WARN_ENUM_CONVERSION = YES;
				CLANG_WARN_INFINITE_RECURSION = YES;
				CLANG_WARN_INT_CONVERSION = YES;
				CLANG_WARN_NON_LITERAL_NULL_CONVERSION = YES;
				CLANG_WARN_OBJC_IMPLICIT_RETAIN_SELF = YES;
				CLANG_WARN_OBJC_LITERAL_CONVERSION = YES;
				CLANG_WARN_OBJC_ROOT_CLASS = YES_ERROR;
				CLANG_WARN_RANGE_LOOP_ANALYSIS = YES;
				CLANG_WARN_STRICT_PROTOTYPES = YES;
				CLANG_WARN_SUSPICIOUS_MOVE = YES;
				CLANG_WARN_UNGUARDED_AVAILABILITY = YES_AGGRESSIVE;
				CLANG_WARN_UNREACHABLE_CODE = YES;
				CLANG_WARN__DUPLICATE_METHOD_MATCH = YES;
				CODE_SIGN_IDENTITY = "iPhone Developer";
				COPY_PHASE_STRIP = NO;
				DEBUG_INFORMATION_FORMAT = "dwarf-with-dsym";
				ENABLE_NS_ASSERTIONS = NO;
				ENABLE_STRICT_OBJC_MSGSEND = YES;
				GCC_C_LANGUAGE_STANDARD = gnu11;
				GCC_NO_COMMON_BLOCKS = YES;
				GCC_WARN_64_TO_32_BIT_CONVERSION = YES;
				GCC_WARN_ABOUT_RETURN_TYPE = YES_ERROR;
				GCC_WARN_UNDECLARED_SELECTOR = YES;
				GCC_WARN_UNINITIALIZED_AUTOS = YES_AGGRESSIVE;
				GCC_WARN_UNUSED_FUNCTION = YES;
				GCC_WARN_UNUSED_VARIABLE = YES;
				IPHONEOS_DEPLOYMENT_TARGET = 12.0;
				MTL_ENABLE_DEBUG_INFO = NO;
				MTL_FAST_MATH = YES;
				SDKROOT = iphoneos;
				SWIFT_COMPILATION_MODE = wholemodule;
				SWIFT_OPTIMIZATION_LEVEL = "-O";
				VALIDATE_PRODUCT = YES;
			};
			name = Release;
		};
		8561B7472147429C008489AE /* Debug */ = {
			isa = XCBuildConfiguration;
			buildSettings = {
				ASSETCATALOG_COMPILER_APPICON_NAME = AppIcon;
				CODE_SIGN_STYLE = Automatic;
				INFOPLIST_FILE = "Joke Bank/Info.plist";
				LD_RUNPATH_SEARCH_PATHS = (
					"$(inherited)",
					"@executable_path/Frameworks",
				);
				PRODUCT_BUNDLE_IDENTIFIER = "tab.codes.Joke-Bank";
				PRODUCT_NAME = "$(TARGET_NAME)";
				SWIFT_VERSION = 4.2;
				TARGETED_DEVICE_FAMILY = "1,2";
			};
			name = Debug;
		};
		8561B7482147429C008489AE /* Release */ = {
			isa = XCBuildConfiguration;
			buildSettings = {
				ASSETCATALOG_COMPILER_APPICON_NAME = AppIcon;
				CODE_SIGN_STYLE = Automatic;
				INFOPLIST_FILE = "Joke Bank/Info.plist";
				LD_RUNPATH_SEARCH_PATHS = (
					"$(inherited)",
					"@executable_path/Frameworks",
				);
				PRODUCT_BUNDLE_IDENTIFIER = "tab.codes.Joke-Bank";
				PRODUCT_NAME = "$(TARGET_NAME)";
				SWIFT_VERSION = 4.2;
				TARGETED_DEVICE_FAMILY = "1,2";
			};
			name = Release;
		};
/* End XCBuildConfiguration section */

/* Begin XCConfigurationList section */
		8561B72F21474299008489AE /* Build configuration list for PBXProject "Joke Bank" */ = {
			isa = XCConfigurationList;
			buildConfigurations = (
				8561B7442147429C008489AE /* Debug */,
				8561B7452147429C008489AE /* Release */,
			);
			defaultConfigurationIsVisible = 0;
			defaultConfigurationName = Release;
		};
		8561B7462147429C008489AE /* Build configuration list for PBXNativeTarget "Joke Bank" */ = {
			isa = XCConfigurationList;
			buildConfigurations = (
				8561B7472147429C008489AE /* Debug */,
				8561B7482147429C008489AE /* Release */,
			);
			defaultConfigurationIsVisible = 0;
			defaultConfigurationName = Release;
		};
/* End XCConfigurationList section */
	};
	rootObject = 8561B72C21474299008489AE /* Project object */;
}
